
Microsoft Visual Studio Solution File, Format Version 12.00
# Visual Studio 15
VisualStudioVersion = 15.0.26124.0
MinimumVisualStudioVersion = 15.0.26124.0
Project("{FAE04EC0-301F-11D3-BF4B-00C04F79EFBC}") = "AvaloniaAutoGrid", "src\AutoGrid\AvaloniaAutoGrid.csproj", "{45FC7547-7C8D-4562-8E9F-8DAA74795791}"
EndProject
Project("{2150E333-8FDC-42A3-9474-1A3956D46DE8}") = "src", "src", "{5715E0C9-3107-4803-A7DD-4D620D719884}"
EndProject
Project("{2150E333-8FDC-42A3-9474-1A3956D46DE8}") = "samples", "samples", "{911A44F9-4604-4C99-BF42-C1BF301FF5C6}"
EndProject
Project("{FAE04EC0-301F-11D3-BF4B-00C04F79EFBC}") = "AutoGridExamples", "samples\AutoGridExamples\AutoGridExamples.csproj", "{96686746-D11A-4B57-9DFD-BEC3350D247C}"
EndProject
Global
	GlobalSection(SolutionConfigurationPlatforms) = preSolution
		Debug|Any CPU = Debug|Any CPU
		Debug|x64 = Debug|x64
		Debug|x86 = Debug|x86
		Release|Any CPU = Release|Any CPU
		Release|x64 = Release|x64
		Release|x86 = Release|x86
	EndGlobalSection
	GlobalSection(SolutionProperties) = preSolution
		HideSolutionNode = FALSE
	EndGlobalSection
	GlobalSection(ProjectConfigurationPlatforms) = postSolution
		{45FC7547-7C8D-4562-8E9F-8DAA74795791}.Debug|Any CPU.ActiveCfg = Debug|Any CPU
		{45FC7547-7C8D-4562-8E9F-8DAA74795791}.Debug|Any CPU.Build.0 = Debug|Any CPU
		{45FC7547-7C8D-4562-8E9F-8DAA74795791}.Debug|x64.ActiveCfg = Debug|Any CPU
		{45FC7547-7C8D-4562-8E9F-8DAA74795791}.Debug|x64.Build.0 = Debug|Any CPU
		{45FC7547-7C8D-4562-8E9F-8DAA74795791}.Debug|x86.ActiveCfg = Debug|Any CPU
		{45FC7547-7C8D-4562-8E9F-8DAA74795791}.Debug|x86.Build.0 = Debug|Any CPU
		{45FC7547-7C8D-4562-8E9F-8DAA74795791}.Release|Any CPU.ActiveCfg = Release|Any CPU
		{45FC7547-7C8D-4562-8E9F-8DAA74795791}.Release|Any CPU.Build.0 = Release|Any CPU
		{45FC7547-7C8D-4562-8E9F-8DAA74795791}.Release|x64.ActiveCfg = Release|Any CPU
		{45FC7547-7C8D-4562-8E9F-8DAA74795791}.Release|x64.Build.0 = Release|Any CPU
		{45FC7547-7C8D-4562-8E9F-8DAA74795791}.Release|x86.ActiveCfg = Release|Any CPU
		{45FC7547-7C8D-4562-8E9F-8DAA74795791}.Release|x86.Build.0 = Release|Any CPU
		{96686746-D11A-4B57-9DFD-BEC3350D247C}.Debug|Any CPU.ActiveCfg = Debug|Any CPU
		{96686746-D11A-4B57-9DFD-BEC3350D247C}.Debug|Any CPU.Build.0 = Debug|Any CPU
		{96686746-D11A-4B57-9DFD-BEC3350D247C}.Debug|x64.ActiveCfg = Debug|Any CPU
		{96686746-D11A-4B57-9DFD-BEC3350D247C}.Debug|x64.Build.0 = Debug|Any CPU
		{96686746-D11A-4B57-9DFD-BEC3350D247C}.Debug|x86.ActiveCfg = Debug|Any CPU
		{96686746-D11A-4B57-9DFD-BEC3350D247C}.Debug|x86.Build.0 = Debug|Any CPU
		{96686746-D11A-4B57-9DFD-BEC3350D247C}.Release|Any CPU.ActiveCfg = Release|Any CPU
		{96686746-D11A-4B57-9DFD-BEC3350D247C}.Release|Any CPU.Build.0 = Release|Any CPU
		{96686746-D11A-4B57-9DFD-BEC3350D247C}.Release|x64.ActiveCfg = Release|Any CPU
		{96686746-D11A-4B57-9DFD-BEC3350D247C}.Release|x64.Build.0 = Release|Any CPU
		{96686746-D11A-4B57-9DFD-BEC3350D247C}.Release|x86.ActiveCfg = Release|Any CPU
		{96686746-D11A-4B57-9DFD-BEC3350D247C}.Release|x86.Build.0 = Release|Any CPU
	EndGlobalSection
	GlobalSection(NestedProjects) = preSolution
		{45FC7547-7C8D-4562-8E9F-8DAA74795791} = {5715E0C9-3107-4803-A7DD-4D620D719884}
		{96686746-D11A-4B57-9DFD-BEC3350D247C} = {911A44F9-4604-4C99-BF42-C1BF301FF5C6}
	EndGlobalSection
EndGlobal
